
Microsoft Visual Studio Solution File, Format Version 12.00
# Visual Studio Version 17
VisualStudioVersion = 17.9.34728.123
MinimumVisualStudioVersion = 10.0.40219.1
Project("{9A19103F-16F7-4668-BE54-9A1E7A4F7556}") = "PetShop", "PetShop\PetShop.csproj", "{99530934-08AE-4AE2-9899-F21BC59BF224}"
EndProject
Global
	GlobalSection(SolutionConfigurationPlatforms) = preSolution
		Debug|Any CPU = Debug|Any CPU
		Release|Any CPU = Release|Any CPU
	EndGlobalSection
	GlobalSection(ProjectConfigurationPlatforms) = postSolution
		{99530934-08AE-4AE2-9899-F21BC59BF224}.Debug|Any CPU.ActiveCfg = Debug|Any CPU
		{99530934-08AE-4AE2-9899-F21BC59BF224}.Debug|Any CPU.Build.0 = Debug|Any CPU
		{99530934-08AE-4AE2-9899-F21BC59BF224}.Release|Any CPU.ActiveCfg = Release|Any CPU
		{99530934-08AE-4AE2-9899-F21BC59BF224}.Release|Any CPU.Build.0 = Release|Any CPU
	EndGlobalSection
	GlobalSection(SolutionProperties) = preSolution
		HideSolutionNode = FALSE
	EndGlobalSection
	GlobalSection(ExtensibilityGlobals) = postSolution
		SolutionGuid = {0EAC9C95-2CE7-48E2-BCC7-893E38A90096}
	EndGlobalSection
EndGlobal
